
Microsoft Visual Studio Solution File, Format Version 12.00
# Visual Studio 15
VisualStudioVersion = 15.0.26228.4
MinimumVisualStudioVersion = 10.0.40219.1
Project("{8BC9CEB8-8B4A-11D0-8D11-00A0C91BC942}") = "guru2", "guru2\guru2.vcxproj", "{B67DACA4-333D-49BE-A090-010357196BCC}"
EndProject
Project("{2150E333-8FDC-42A3-9474-1A3956D46DE8}") = "guru2_ling", "guru2_ling", "{08279B7F-18A9-41CB-AB3C-89DC1F575A6B}"
EndProject
Project("{8BC9CEB8-8B4A-11D0-8D11-00A0C91BC942}") = "guru2_ling_core", "guru2_ling_core\guru2_ling_core.vcxproj", "{25AE986A-AB32-4AD2-8BF1-0902F3B0E51A}"
EndProject
Project("{8BC9CEB8-8B4A-11D0-8D11-00A0C91BC942}") = "guru2_ling_template", "guru2_ling_template\guru2_ling_template.vcxproj", "{83E5B992-4188-4E58-B33D-F5DE030067DA}"
EndProject
Project("{2150E333-8FDC-42A3-9474-1A3956D46DE8}") = "test", "test", "{D8EFEB53-7738-4E6B-B5FE-65CD3759E648}"
EndProject
Project("{8BC9CEB8-8B4A-11D0-8D11-00A0C91BC942}") = "dump_test", "dump_test\dump_test.vcxproj", "{EC0F2BD7-078B-4938-BA0A-10978136A49E}"
EndProject
Global
	GlobalSection(SolutionConfigurationPlatforms) = preSolution
		Debug|x64 = Debug|x64
		Debug|x86 = Debug|x86
		Release|x64 = Release|x64
		Release|x86 = Release|x86
	EndGlobalSection
	GlobalSection(ProjectConfigurationPlatforms) = postSolution
		{B67DACA4-333D-49BE-A090-010357196BCC}.Debug|x64.ActiveCfg = Debug|x64
		{B67DACA4-333D-49BE-A090-010357196BCC}.Debug|x64.Build.0 = Debug|x64
		{B67DACA4-333D-49BE-A090-010357196BCC}.Debug|x86.ActiveCfg = Debug|Win32
		{B67DACA4-333D-49BE-A090-010357196BCC}.Debug|x86.Build.0 = Debug|Win32
		{B67DACA4-333D-49BE-A090-010357196BCC}.Release|x64.ActiveCfg = Release|x64
		{B67DACA4-333D-49BE-A090-010357196BCC}.Release|x64.Build.0 = Release|x64
		{B67DACA4-333D-49BE-A090-010357196BCC}.Release|x86.ActiveCfg = Release|Win32
		{B67DACA4-333D-49BE-A090-010357196BCC}.Release|x86.Build.0 = Release|Win32
		{25AE986A-AB32-4AD2-8BF1-0902F3B0E51A}.Debug|x64.ActiveCfg = Debug|x64
		{25AE986A-AB32-4AD2-8BF1-0902F3B0E51A}.Debug|x64.Build.0 = Debug|x64
		{25AE986A-AB32-4AD2-8BF1-0902F3B0E51A}.Debug|x86.ActiveCfg = Debug|Win32
		{25AE986A-AB32-4AD2-8BF1-0902F3B0E51A}.Debug|x86.Build.0 = Debug|Win32
		{25AE986A-AB32-4AD2-8BF1-0902F3B0E51A}.Release|x64.ActiveCfg = Release|x64
		{25AE986A-AB32-4AD2-8BF1-0902F3B0E51A}.Release|x64.Build.0 = Release|x64
		{25AE986A-AB32-4AD2-8BF1-0902F3B0E51A}.Release|x86.ActiveCfg = Release|Win32
		{25AE986A-AB32-4AD2-8BF1-0902F3B0E51A}.Release|x86.Build.0 = Release|Win32
		{83E5B992-4188-4E58-B33D-F5DE030067DA}.Debug|x64.ActiveCfg = Debug|x64
		{83E5B992-4188-4E58-B33D-F5DE030067DA}.Debug|x64.Build.0 = Debug|x64
		{83E5B992-4188-4E58-B33D-F5DE030067DA}.Debug|x86.ActiveCfg = Debug|Win32
		{83E5B992-4188-4E58-B33D-F5DE030067DA}.Debug|x86.Build.0 = Debug|Win32
		{83E5B992-4188-4E58-B33D-F5DE030067DA}.Release|x64.ActiveCfg = Release|x64
		{83E5B992-4188-4E58-B33D-F5DE030067DA}.Release|x64.Build.0 = Release|x64
		{83E5B992-4188-4E58-B33D-F5DE030067DA}.Release|x86.ActiveCfg = Release|Win32
		{83E5B992-4188-4E58-B33D-F5DE030067DA}.Release|x86.Build.0 = Release|Win32
		{EC0F2BD7-078B-4938-BA0A-10978136A49E}.Debug|x64.ActiveCfg = Debug|x64
		{EC0F2BD7-078B-4938-BA0A-10978136A49E}.Debug|x64.Build.0 = Debug|x64
		{EC0F2BD7-078B-4938-BA0A-10978136A49E}.Debug|x86.ActiveCfg = Debug|Win32
		{EC0F2BD7-078B-4938-BA0A-10978136A49E}.Debug|x86.Build.0 = Debug|Win32
		{EC0F2BD7-078B-4938-BA0A-10978136A49E}.Release|x64.ActiveCfg = Release|x64
		{EC0F2BD7-078B-4938-BA0A-10978136A49E}.Release|x64.Build.0 = Release|x64
		{EC0F2BD7-078B-4938-BA0A-10978136A49E}.Release|x86.ActiveCfg = Release|Win32
		{EC0F2BD7-078B-4938-BA0A-10978136A49E}.Release|x86.Build.0 = Release|Win32
	EndGlobalSection
	GlobalSection(SolutionProperties) = preSolution
		HideSolutionNode = FALSE
	EndGlobalSection
	GlobalSection(NestedProjects) = preSolution
		{25AE986A-AB32-4AD2-8BF1-0902F3B0E51A} = {08279B7F-18A9-41CB-AB3C-89DC1F575A6B}
		{83E5B992-4188-4E58-B33D-F5DE030067DA} = {08279B7F-18A9-41CB-AB3C-89DC1F575A6B}
		{EC0F2BD7-078B-4938-BA0A-10978136A49E} = {D8EFEB53-7738-4E6B-B5FE-65CD3759E648}
	EndGlobalSection
EndGlobal
