<?xml version="1.0" encoding="utf-8"?>
<Project ToolsVersion="4.0" xmlns="http://schemas.microsoft.com/developer/msbuild/2003">
  <ItemGroup>
    <Filter Include="Source Files">
      <UniqueIdentifier>{4FC737F1-C7A5-4376-A066-2A32D752A2FF}</UniqueIdentifier>
      <Extensions>cpp;c;cc;cxx;def;odl;idl;hpj;bat;asm;asmx</Extensions>
    </Filter>
    <Filter Include="Header Files">
      <UniqueIdentifier>{93995380-89BD-4b04-88EB-625FBE52EBFB}</UniqueIdentifier>
      <Extensions>h;hh;hpp;hxx;hm;inl;inc;xsd</Extensions>
    </Filter>
    <Filter Include="Resource Files">
      <UniqueIdentifier>{67DA6AB6-F800-4c08-8B7A-83BB121AAD01}</UniqueIdentifier>
      <Extensions>rc;ico;cur;bmp;dlg;rc2;rct;bin;rgs;gif;jpg;jpeg;jpe;resx;tiff;tif;png;wav;mfcribbon-ms</Extensions>
    </Filter>
    <Filter Include="Header Files\basic">
      <UniqueIdentifier>{59c57db2-01b9-44fe-a25d-b9891ca337a5}</UniqueIdentifier>
    </Filter>
    <Filter Include="Header Files\inheritance">
      <UniqueIdentifier>{08279538-3d41-4b86-bf78-696ee5074d34}</UniqueIdentifier>
    </Filter>
    <Filter Include="Header Files\class">
      <UniqueIdentifier>{5255d082-1342-42ec-a6c9-8b5576907254}</UniqueIdentifier>
    </Filter>
    <Filter Include="Header Files\type_traits">
      <UniqueIdentifier>{8079d65a-9c6d-44fc-8cac-da1c8e21a46c}</UniqueIdentifier>
    </Filter>
    <Filter Include="Header Files\MP">
      <UniqueIdentifier>{ceb90167-147e-4ac7-a671-0d9a5167c81d}</UniqueIdentifier>
    </Filter>
    <Filter Include="Header Files\designs">
      <UniqueIdentifier>{fa992dbd-5fcc-40b2-9d46-cc36ed382236}</UniqueIdentifier>
    </Filter>
    <Filter Include="Header Files\STL_type_traits">
      <UniqueIdentifier>{c11c619a-3c2e-4c07-aeda-e98c9684e43c}</UniqueIdentifier>
    </Filter>
    <Filter Include="Header Files\demo">
      <UniqueIdentifier>{f177ee5a-408e-41a5-bc5f-04b5556b9b6b}</UniqueIdentifier>
    </Filter>
  </ItemGroup>
  <ItemGroup>
    <ClInclude Include="class_template.h">
      <Filter>Header Files\basic</Filter>
    </ClInclude>
    <ClInclude Include="function_template.h">
      <Filter>Header Files\basic</Filter>
    </ClInclude>
    <ClInclude Include="type_deduce.h">
      <Filter>Header Files\basic</Filter>
    </ClInclude>
    <ClInclude Include="nontype_template_paramter.h">
      <Filter>Header Files\basic</Filter>
    </ClInclude>
    <ClInclude Include="variadic_template.h">
      <Filter>Header Files\basic</Filter>
    </ClInclude>
    <ClInclude Include="base_member.h">
      <Filter>Header Files\inheritance</Filter>
    </ClInclude>
    <ClInclude Include="raw_array.h">
      <Filter>Header Files\basic</Filter>
    </ClInclude>
    <ClInclude Include="special_member_template.h">
      <Filter>Header Files\class</Filter>
    </ClInclude>
    <ClInclude Include="dot_template.h">
      <Filter>Header Files\basic</Filter>
    </ClInclude>
    <ClInclude Include="perfect_forwarding.h">
      <Filter>Header Files\basic</Filter>
    </ClInclude>
    <ClInclude Include="enable_if.h">
      <Filter>Header Files\type_traits</Filter>
    </ClInclude>
    <ClInclude Include="SFINAE.h">
      <Filter>Header Files\basic</Filter>
    </ClInclude>
    <ClInclude Include="template_kind.h">
      <Filter>Header Files\basic</Filter>
    </ClInclude>
    <ClInclude Include="mixins.h">
      <Filter>Header Files\inheritance</Filter>
    </ClInclude>
    <ClInclude Include="explicit_instantiation.h">
      <Filter>Header Files\basic</Filter>
    </ClInclude>
    <ClInclude Include="variable_template.h">
      <Filter>Header Files\basic</Filter>
    </ClInclude>
    <ClInclude Include="reference.h">
      <Filter>Header Files\type_traits</Filter>
    </ClInclude>
    <ClInclude Include="qualifier.h">
      <Filter>Header Files\type_traits</Filter>
    </ClInclude>
    <ClInclude Include="decay.h">
      <Filter>Header Files\type_traits</Filter>
    </ClInclude>
    <ClInclude Include="predicate.h">
      <Filter>Header Files\type_traits</Filter>
    </ClInclude>
    <ClInclude Include="result_type.h">
      <Filter>Header Files\type_traits</Filter>
    </ClInclude>
    <ClInclude Include="is_convertible.h">
      <Filter>Header Files\type_traits</Filter>
    </ClInclude>
    <ClInclude Include="detect_member.h">
      <Filter>Header Files\type_traits</Filter>
    </ClInclude>
    <ClInclude Include="if_then_else.h">
      <Filter>Header Files\type_traits</Filter>
    </ClInclude>
    <ClInclude Include="type_classification.h">
      <Filter>Header Files\type_traits</Filter>
    </ClInclude>
    <ClInclude Include="policy_traits.h">
      <Filter>Header Files\type_traits</Filter>
    </ClInclude>
    <ClInclude Include="CRTP.h">
      <Filter>Header Files\inheritance</Filter>
    </ClInclude>
    <ClInclude Include="type_erasure.h">
      <Filter>Header Files\designs</Filter>
    </ClInclude>
    <ClInclude Include="value_metaprogram.h">
      <Filter>Header Files\MP</Filter>
    </ClInclude>
    <ClInclude Include="Ratio.h">
      <Filter>Header Files\MP</Filter>
    </ClInclude>
    <ClInclude Include="type_list.h">
      <Filter>Header Files\MP</Filter>
    </ClInclude>
    <ClInclude Include="Tuple.h">
      <Filter>Header Files\MP</Filter>
    </ClInclude>
    <ClInclude Include="Variant.h">
      <Filter>Header Files\MP</Filter>
    </ClInclude>
    <ClInclude Include="debug_it.h">
      <Filter>Header Files</Filter>
    </ClInclude>
    <ClInclude Include="basic.h">
      <Filter>Header Files\STL_type_traits</Filter>
    </ClInclude>
    <ClInclude Include="integral_constant.h">
      <Filter>Header Files\STL_type_traits</Filter>
    </ClInclude>
    <ClInclude Include="primary_type.h">
      <Filter>Header Files\STL_type_traits</Filter>
    </ClInclude>
    <ClInclude Include="compound_type.h">
      <Filter>Header Files\STL_type_traits</Filter>
    </ClInclude>
    <ClInclude Include="result_of.h">
      <Filter>Header Files\type_traits</Filter>
    </ClInclude>
    <ClInclude Include="friend.h">
      <Filter>Header Files\basic</Filter>
    </ClInclude>
    <ClInclude Include="fixed_vector.h">
      <Filter>Header Files\demo</Filter>
    </ClInclude>
    <ClInclude Include="Stack.h">
      <Filter>Header Files\demo</Filter>
    </ClInclude>
    <ClInclude Include="concept_detect.h">
      <Filter>Header Files\basic</Filter>
    </ClInclude>
    <ClInclude Include="value_ptr.h">
      <Filter>Header Files\demo</Filter>
    </ClInclude>
  </ItemGroup>
  <ItemGroup>
    <Text Include="MP.txt">
      <Filter>Header Files\MP</Filter>
    </Text>
  </ItemGroup>
</Project>